{
  "name": "scanium",
  "lockfileVersion": 3,
  "requires": true,
  "packages": {
    "": {
      "devDependencies": {
        "@openai/codex": "^0.75.0"
      }
    },
    "node_modules/@openai/codex": {
      "version": "0.75.0",
      "resolved": "https://registry.npmjs.org/@openai/codex/-/codex-0.75.0.tgz",
      "integrity": "sha512-jYberZ+AhIww69b+//oMKlL8hAJl8sU7B1+4IPH8weJd2ugJ8GJqsiq0w3gr2xnk5RqjP48CEXW1JWwslpqaZw==",
      "dev": true,
      "license": "Apache-2.0",
      "bin": {
        "codex": "bin/codex.js"
      },
      "engines": {
        "node": ">=16"
      }
    }
  }
}
